
Microsoft Visual Studio Solution File, Format Version 12.00
# Visual Studio Version 17
VisualStudioVersion = 17.2.32630.192
MinimumVisualStudioVersion = 10.0.40219.1
Project("{FAE04EC0-301F-11D3-BF4B-00C04F79EFBC}") = "EdgeMatchingSample", "EdgeMatchingSample\EdgeMatchingSample.csproj", "{21EE5AD5-A07A-4925-A7EF-9B24990A48D8}"
EndProject
Global
	GlobalSection(SolutionConfigurationPlatforms) = preSolution
		Debug|Any CPU = Debug|Any CPU
		Release|Any CPU = Release|Any CPU
	EndGlobalSection
	GlobalSection(ProjectConfigurationPlatforms) = postSolution
		{21EE5AD5-A07A-4925-A7EF-9B24990A48D8}.Debug|Any CPU.ActiveCfg = Debug|Any CPU
		{21EE5AD5-A07A-4925-A7EF-9B24990A48D8}.Debug|Any CPU.Build.0 = Debug|Any CPU
		{21EE5AD5-A07A-4925-A7EF-9B24990A48D8}.Release|Any CPU.ActiveCfg = Release|Any CPU
		{21EE5AD5-A07A-4925-A7EF-9B24990A48D8}.Release|Any CPU.Build.0 = Release|Any CPU
	EndGlobalSection
	GlobalSection(SolutionProperties) = preSolution
		HideSolutionNode = FALSE
	EndGlobalSection
	GlobalSection(ExtensibilityGlobals) = postSolution
		SolutionGuid = {2818C8A0-34FB-4BD3-BEDB-CFA8CA1324EA}
	EndGlobalSection
EndGlobal
